// !$*UTF8*$!
{
	archiveVersion = 1;
	classes = {
	};
	objectVersion = 77;
	objects = {

/* Begin PBXBuildFile section */
		331AB66E2F681DED0007E159 /* WidgetKit.framework in Frameworks */ = {isa = PBXBuildFile; fileRef = 331AB66D2F681DED0007E159 /* WidgetKit.framework */; };
		331AB6702F681DED0007E159 /* SwiftUI.framework in Frameworks */ = {isa = PBXBuildFile; fileRef = 331AB66F2F681DED0007E159 /* SwiftUI.framework */; };
		331AB67B2F681DEE0007E159 /* YoursWidgetsExtension.appex in Embed Foundation Extensions */ = {isa = PBXBuildFile; fileRef = 331AB66B2F681DED0007E159 /* YoursWidgetsExtension.appex */; settings = {ATTRIBUTES = (RemoveHeadersOnCopy, ); }; };
		335941542F6A29E4005204D8 /* YoursShare.appex in Embed Foundation Extensions */ = {isa = PBXBuildFile; fileRef = 3359414A2F6A29E4005204D8 /* YoursShare.appex */; settings = {ATTRIBUTES = (RemoveHeadersOnCopy, ); }; };
/* End PBXBuildFile section */

/* Begin PBXContainerItemProxy section */
		331AB6792F681DEE0007E159 /* PBXContainerItemProxy */ = {
			isa = PBXContainerItemProxy;
			containerPortal = 3325AFB42F63025100C46223 /* Project object */;
			proxyType = 1;
			remoteGlobalIDString = 331AB66A2F681DED0007E159;
			remoteInfo = YoursWidgetsExtension;
		};
		3325AFCC2F63025200C46223 /* PBXContainerItemProxy */ = {
			isa = PBXContainerItemProxy;
			containerPortal = 3325AFB42F63025100C46223 /* Project object */;
			proxyType = 1;
			remoteGlobalIDString = 3325AFBB2F63025100C46223;
			remoteInfo = yours;
		};
		3325AFD62F63025200C46223 /* PBXContainerItemProxy */ = {
			isa = PBXContainerItemProxy;
			containerPortal = 3325AFB42F63025100C46223 /* Project object */;
			proxyType = 1;
			remoteGlobalIDString = 3325AFBB2F63025100C46223;
			remoteInfo = yours;
		};
		335941522F6A29E4005204D8 /* PBXContainerItemProxy */ = {
			isa = PBXContainerItemProxy;
			containerPortal = 3325AFB42F63025100C46223 /* Project object */;
			proxyType = 1;
			remoteGlobalIDString = 335941492F6A29E4005204D8;
			remoteInfo = YoursShare;
		};
/* End PBXContainerItemProxy section */

/* Begin PBXCopyFilesBuildPhase section */
		331AB6802F681DEE0007E159 /* Embed Foundation Extensions */ = {
			isa = PBXCopyFilesBuildPhase;
			buildActionMask = 2147483647;
			dstPath = "";
			dstSubfolderSpec = 13;
			files = (
				331AB67B2F681DEE0007E159 /* YoursWidgetsExtension.appex in Embed Foundation Extensions */,
				335941542F6A29E4005204D8 /* YoursShare.appex in Embed Foundation Extensions */,
			);
			name = "Embed Foundation Extensions";
			runOnlyForDeploymentPostprocessing = 0;
		};
/* End PBXCopyFilesBuildPhase section */

/* Begin PBXFileReference section */
		331AB66B2F681DED0007E159 /* YoursWidgetsExtension.appex */ = {isa = PBXFileReference; explicitFileType = "wrapper.app-extension"; includeInIndex = 0; path = YoursWidgetsExtension.appex; sourceTree = BUILT_PRODUCTS_DIR; };
		331AB66D2F681DED0007E159 /* WidgetKit.framework */ = {isa = PBXFileReference; lastKnownFileType = wrapper.framework; name = WidgetKit.framework; path = System/Library/Frameworks/WidgetKit.framework; sourceTree = SDKROOT; };
		331AB66F2F681DED0007E159 /* SwiftUI.framework */ = {isa = PBXFileReference; lastKnownFileType = wrapper.framework; name = SwiftUI.framework; path = System/Library/Frameworks/SwiftUI.framework; sourceTree = SDKROOT; };
		3325AFBC2F63025100C46223 /* yours.app */ = {isa = PBXFileReference; explicitFileType = wrapper.application; includeInIndex = 0; path = yours.app; sourceTree = BUILT_PRODUCTS_DIR; };
		3325AFCB2F63025200C46223 /* yoursTests.xctest */ = {isa = PBXFileReference; explicitFileType = wrapper.cfbundle; includeInIndex = 0; path = yoursTests.xctest; sourceTree = BUILT_PRODUCTS_DIR; };
		3325AFD52F63025200C46223 /* yoursUITests.xctest */ = {isa = PBXFileReference; explicitFileType = wrapper.cfbundle; includeInIndex = 0; path = yoursUITests.xctest; sourceTree = BUILT_PRODUCTS_DIR; };
		3359414A2F6A29E4005204D8 /* YoursShare.appex */ = {isa = PBXFileReference; explicitFileType = "wrapper.app-extension"; includeInIndex = 0; path = YoursShare.appex; sourceTree = BUILT_PRODUCTS_DIR; };
/* End PBXFileReference section */

/* Begin PBXFileSystemSynchronizedBuildFileExceptionSet section */
		331AB67C2F681DEE0007E159 /* Exceptions for "YoursWidgets" folder in "YoursWidgetsExtension" target */ = {
			isa = PBXFileSystemSynchronizedBuildFileExceptionSet;
			membershipExceptions = (
				Info.plist,
			);
			target = 331AB66A2F681DED0007E159 /* YoursWidgetsExtension */;
		};
		331AB68D2F681EAB0007E159 /* Exceptions for "yours" folder in "YoursWidgetsExtension" target */ = {
			isa = PBXFileSystemSynchronizedBuildFileExceptionSet;
			membershipExceptions = (
				Assets/Fonts/CrimsonPro.ttf,
				Assets/Fonts/Inter.ttf,
				Services/DeepLinkService.swift,
				Shared/SharedDefaults.swift,
				Shared/WidgetData.swift,
			);
			target = 331AB66A2F681DED0007E159 /* YoursWidgetsExtension */;
		};
		335941572F6A29E4005204D8 /* Exceptions for "YoursShare" folder in "YoursShare" target */ = {
			isa = PBXFileSystemSynchronizedBuildFileExceptionSet;
			membershipExceptions = (
				Info.plist,
			);
			target = 335941492F6A29E4005204D8 /* YoursShare */;
		};
		335943312F6A3289005204D8 /* Exceptions for "yours" folder in "YoursShare" target */ = {
			isa = PBXFileSystemSynchronizedBuildFileExceptionSet;
			membershipExceptions = (
				Assets/Assets.xcassets,
				Assets/Fonts/CrimsonPro.ttf,
				Assets/Fonts/Inter.ttf,
				Shared/GiftOccasion.swift,
				Shared/PendingGiftStore.swift,
				Shared/SharedDefaults.swift,
			);
			target = 335941492F6A29E4005204D8 /* YoursShare */;
		};
/* End PBXFileSystemSynchronizedBuildFileExceptionSet section */

/* Begin PBXFileSystemSynchronizedRootGroup section */
		331AB6712F681DED0007E159 /* YoursWidgets */ = {
			isa = PBXFileSystemSynchronizedRootGroup;
			exceptions = (
				331AB67C2F681DEE0007E159 /* Exceptions for "YoursWidgets" folder in "YoursWidgetsExtension" target */,
			);
			path = YoursWidgets;
			sourceTree = "<group>";
		};
		3325AFBE2F63025100C46223 /* yours */ = {
			isa = PBXFileSystemSynchronizedRootGroup;
			exceptions = (
				331AB68D2F681EAB0007E159 /* Exceptions for "yours" folder in "YoursWidgetsExtension" target */,
				335943312F6A3289005204D8 /* Exceptions for "yours" folder in "YoursShare" target */,
			);
			path = yours;
			sourceTree = "<group>";
		};
		3325AFCE2F63025200C46223 /* yoursTests */ = {
			isa = PBXFileSystemSynchronizedRootGroup;
			path = yoursTests;
			sourceTree = "<group>";
		};
		3325AFD82F63025200C46223 /* yoursUITests */ = {
			isa = PBXFileSystemSynchronizedRootGroup;
			path = yoursUITests;
			sourceTree = "<group>";
		};
		3359414B2F6A29E4005204D8 /* YoursShare */ = {
			isa = PBXFileSystemSynchronizedRootGroup;
			exceptions = (
				335941572F6A29E4005204D8 /* Exceptions for "YoursShare" folder in "YoursShare" target */,
			);
			path = YoursShare;
			sourceTree = "<group>";
		};
/* End PBXFileSystemSynchronizedRootGroup section */

/* Begin PBXFrameworksBuildPhase section */
		331AB6682F681DED0007E159 /* Frameworks */ = {
			isa = PBXFrameworksBuildPhase;
			buildActionMask = 2147483647;
			files = (
				331AB6702F681DED0007E159 /* SwiftUI.framework in Frameworks */,
				331AB66E2F681DED0007E159 /* WidgetKit.framework in Frameworks */,
			);
			runOnlyForDeploymentPostprocessing = 0;
		};
		3325AFB92F63025100C46223 /* Frameworks */ = {
			isa = PBXFrameworksBuildPhase;
			buildActionMask = 2147483647;
			files = (
			);
			runOnlyForDeploymentPostprocessing = 0;
		};
		3325AFC82F63025200C46223 /* Frameworks */ = {
			isa = PBXFrameworksBuildPhase;
			buildActionMask = 2147483647;
			files = (
			);
			runOnlyForDeploymentPostprocessing = 0;
		};
		3325AFD22F63025200C46223 /* Frameworks */ = {
			isa = PBXFrameworksBuildPhase;
			buildActionMask = 2147483647;
			files = (
			);
			runOnlyForDeploymentPostprocessing = 0;
		};
		335941472F6A29E4005204D8 /* Frameworks */ = {
			isa = PBXFrameworksBuildPhase;
			buildActionMask = 2147483647;
			files = (
			);
			runOnlyForDeploymentPostprocessing = 0;
		};
/* End PBXFrameworksBuildPhase section */

/* Begin PBXGroup section */
		331AB66C2F681DED0007E159 /* Frameworks */ = {
			isa = PBXGroup;
			children = (
				331AB66D2F681DED0007E159 /* WidgetKit.framework */,
				331AB66F2F681DED0007E159 /* SwiftUI.framework */,
			);
			name = Frameworks;
			sourceTree = "<group>";
		};
		3325AFB32F63025100C46223 = {
			isa = PBXGroup;
			children = (
				3325AFBE2F63025100C46223 /* yours */,
				3325AFCE2F63025200C46223 /* yoursTests */,
				3325AFD82F63025200C46223 /* yoursUITests */,
				331AB6712F681DED0007E159 /* YoursWidgets */,
				3359414B2F6A29E4005204D8 /* YoursShare */,
				331AB66C2F681DED0007E159 /* Frameworks */,
				3325AFBD2F63025100C46223 /* Products */,
			);
			sourceTree = "<group>";
		};
		3325AFBD2F63025100C46223 /* Products */ = {
			isa = PBXGroup;
			children = (
				3325AFBC2F63025100C46223 /* yours.app */,
				3325AFCB2F63025200C46223 /* yoursTests.xctest */,
				3325AFD52F63025200C46223 /* yoursUITests.xctest */,
				331AB66B2F681DED0007E159 /* YoursWidgetsExtension.appex */,
				3359414A2F6A29E4005204D8 /* YoursShare.appex */,
			);
			name = Products;
			sourceTree = "<group>";
		};
/* End PBXGroup section */

/* Begin PBXNativeTarget section */
		331AB66A2F681DED0007E159 /* YoursWidgetsExtension */ = {
			isa = PBXNativeTarget;
			buildConfigurationList = 331AB67D2F681DEE0007E159 /* Build configuration list for PBXNativeTarget "YoursWidgetsExtension" */;
			buildPhases = (
				331AB6672F681DED0007E159 /* Sources */,
				331AB6682F681DED0007E159 /* Frameworks */,
				331AB6692F681DED0007E159 /* Resources */,
			);
			buildRules = (
			);
			dependencies = (
			);
			fileSystemSynchronizedGroups = (
				331AB6712F681DED0007E159 /* YoursWidgets */,
			);
			name = YoursWidgetsExtension;
			packageProductDependencies = (
			);
			productName = YoursWidgetsExtension;
			productReference = 331AB66B2F681DED0007E159 /* YoursWidgetsExtension.appex */;
			productType = "com.apple.product-type.app-extension";
		};
		3325AFBB2F63025100C46223 /* yours */ = {
			isa = PBXNativeTarget;
			buildConfigurationList = 3325AFDF2F63025200C46223 /* Build configuration list for PBXNativeTarget "yours" */;
			buildPhases = (
				3325AFB82F63025100C46223 /* Sources */,
				3325AFB92F63025100C46223 /* Frameworks */,
				3325AFBA2F63025100C46223 /* Resources */,
				331AB6802F681DEE0007E159 /* Embed Foundation Extensions */,
			);
			buildRules = (
			);
			dependencies = (
				331AB67A2F681DEE0007E159 /* PBXTargetDependency */,
				335941532F6A29E4005204D8 /* PBXTargetDependency */,
			);
			fileSystemSynchronizedGroups = (
				3325AFBE2F63025100C46223 /* yours */,
			);
			name = yours;
			packageProductDependencies = (
			);
			productName = yours;
			productReference = 3325AFBC2F63025100C46223 /* yours.app */;
			productType = "com.apple.product-type.application";
		};
		3325AFCA2F63025200C46223 /* yoursTests */ = {
			isa = PBXNativeTarget;
			buildConfigurationList = 3325AFE22F63025200C46223 /* Build configuration list for PBXNativeTarget "yoursTests" */;
			buildPhases = (
				3325AFC72F63025200C46223 /* Sources */,
				3325AFC82F63025200C46223 /* Frameworks */,
				3325AFC92F63025200C46223 /* Resources */,
			);
			buildRules = (
			);
			dependencies = (
				3325AFCD2F63025200C46223 /* PBXTargetDependency */,
			);
			fileSystemSynchronizedGroups = (
				3325AFCE2F63025200C46223 /* yoursTests */,
			);
			name = yoursTests;
			packageProductDependencies = (
			);
			productName = yoursTests;
			productReference = 3325AFCB2F63025200C46223 /* yoursTests.xctest */;
			productType = "com.apple.product-type.bundle.unit-test";
		};
		3325AFD42F63025200C46223 /* yoursUITests */ = {
			isa = PBXNativeTarget;
			buildConfigurationList = 3325AFE52F63025200C46223 /* Build configuration list for PBXNativeTarget "yoursUITests" */;
			buildPhases = (
				3325AFD12F63025200C46223 /* Sources */,
				3325AFD22F63025200C46223 /* Frameworks */,
				3325AFD32F63025200C46223 /* Resources */,
			);
			buildRules = (
			);
			dependencies = (
				3325AFD72F63025200C46223 /* PBXTargetDependency */,
			);
			fileSystemSynchronizedGroups = (
				3325AFD82F63025200C46223 /* yoursUITests */,
			);
			name = yoursUITests;
			packageProductDependencies = (
			);
			productName = yoursUITests;
			productReference = 3325AFD52F63025200C46223 /* yoursUITests.xctest */;
			productType = "com.apple.product-type.bundle.ui-testing";
		};
		335941492F6A29E4005204D8 /* YoursShare */ = {
			isa = PBXNativeTarget;
			buildConfigurationList = 335941582F6A29E4005204D8 /* Build configuration list for PBXNativeTarget "YoursShare" */;
			buildPhases = (
				335941462F6A29E4005204D8 /* Sources */,
				335941472F6A29E4005204D8 /* Frameworks */,
				335941482F6A29E4005204D8 /* Resources */,
			);
			buildRules = (
			);
			dependencies = (
			);
			fileSystemSynchronizedGroups = (
				3359414B2F6A29E4005204D8 /* YoursShare */,
			);
			name = YoursShare;
			packageProductDependencies = (
			);
			productName = YoursShare;
			productReference = 3359414A2F6A29E4005204D8 /* YoursShare.appex */;
			productType = "com.apple.product-type.app-extension";
		};
/* End PBXNativeTarget section */

/* Begin PBXProject section */
		3325AFB42F63025100C46223 /* Project object */ = {
			isa = PBXProject;
			attributes = {
				BuildIndependentTargetsInParallel = 1;
				LastSwiftUpdateCheck = 2630;
				LastUpgradeCheck = 2630;
				TargetAttributes = {
					331AB66A2F681DED0007E159 = {
						CreatedOnToolsVersion = 26.3;
					};
					3325AFBB2F63025100C46223 = {
						CreatedOnToolsVersion = 26.3;
					};
					3325AFCA2F63025200C46223 = {
						CreatedOnToolsVersion = 26.3;
						TestTargetID = 3325AFBB2F63025100C46223;
					};
					3325AFD42F63025200C46223 = {
						CreatedOnToolsVersion = 26.3;
						TestTargetID = 3325AFBB2F63025100C46223;
					};
					335941492F6A29E4005204D8 = {
						CreatedOnToolsVersion = 26.3;
					};
				};
			};
			buildConfigurationList = 3325AFB72F63025100C46223 /* Build configuration list for PBXProject "yours" */;
			developmentRegion = en;
			hasScannedForEncodings = 0;
			knownRegions = (
				en,
				fr,
				Base,
			);
			mainGroup = 3325AFB32F63025100C46223;
			minimizedProjectReferenceProxies = 1;
			preferredProjectObjectVersion = 77;
			productRefGroup = 3325AFBD2F63025100C46223 /* Products */;
			projectDirPath = "";
			projectRoot = "";
			targets = (
				3325AFBB2F63025100C46223 /* yours */,
				3325AFCA2F63025200C46223 /* yoursTests */,
				3325AFD42F63025200C46223 /* yoursUITests */,
				331AB66A2F681DED0007E159 /* YoursWidgetsExtension */,
				335941492F6A29E4005204D8 /* YoursShare */,
			);
		};
/* End PBXProject section */

/* Begin PBXResourcesBuildPhase section */
		331AB6692F681DED0007E159 /* Resources */ = {
			isa = PBXResourcesBuildPhase;
			buildActionMask = 2147483647;
			files = (
			);
			runOnlyForDeploymentPostprocessing = 0;
		};
		3325AFBA2F63025100C46223 /* Resources */ = {
			isa = PBXResourcesBuildPhase;
			buildActionMask = 2147483647;
			files = (
			);
			runOnlyForDeploymentPostprocessing = 0;
		};
		3325AFC92F63025200C46223 /* Resources */ = {
			isa = PBXResourcesBuildPhase;
			buildActionMask = 2147483647;
			files = (
			);
			runOnlyForDeploymentPostprocessing = 0;
		};
		3325AFD32F63025200C46223 /* Resources */ = {
			isa = PBXResourcesBuildPhase;
			buildActionMask = 2147483647;
			files = (
			);
			runOnlyForDeploymentPostprocessing = 0;
		};
		335941482F6A29E4005204D8 /* Resources */ = {
			isa = PBXResourcesBuildPhase;
			buildActionMask = 2147483647;
			files = (
			);
			runOnlyForDeploymentPostprocessing = 0;
		};
/* End PBXResourcesBuildPhase section */

/* Begin PBXSourcesBuildPhase section */
		331AB6672F681DED0007E159 /* Sources */ = {
			isa = PBXSourcesBuildPhase;
			buildActionMask = 2147483647;
			files = (
			);
			runOnlyForDeploymentPostprocessing = 0;
		};
		3325AFB82F63025100C46223 /* Sources */ = {
			isa = PBXSourcesBuildPhase;
			buildActionMask = 2147483647;
			files = (
			);
			runOnlyForDeploymentPostprocessing = 0;
		};
		3325AFC72F63025200C46223 /* Sources */ = {
			isa = PBXSourcesBuildPhase;
			buildActionMask = 2147483647;
			files = (
			);
			runOnlyForDeploymentPostprocessing = 0;
		};
		3325AFD12F63025200C46223 /* Sources */ = {
			isa = PBXSourcesBuildPhase;
			buildActionMask = 2147483647;
			files = (
			);
			runOnlyForDeploymentPostprocessing = 0;
		};
		335941462F6A29E4005204D8 /* Sources */ = {
			isa = PBXSourcesBuildPhase;
			buildActionMask = 2147483647;
			files = (
			);
			runOnlyForDeploymentPostprocessing = 0;
		};
/* End PBXSourcesBuildPhase section */

/* Begin PBXTargetDependency section */
		331AB67A2F681DEE0007E159 /* PBXTargetDependency */ = {
			isa = PBXTargetDependency;
			target = 331AB66A2F681DED0007E159 /* YoursWidgetsExtension */;
			targetProxy = 331AB6792F681DEE0007E159 /* PBXContainerItemProxy */;
		};
		3325AFCD2F63025200C46223 /* PBXTargetDependency */ = {
			isa = PBXTargetDependency;
			target = 3325AFBB2F63025100C46223 /* yours */;
			targetProxy = 3325AFCC2F63025200C46223 /* PBXContainerItemProxy */;
		};
		3325AFD72F63025200C46223 /* PBXTargetDependency */ = {
			isa = PBXTargetDependency;
			target = 3325AFBB2F63025100C46223 /* yours */;
			targetProxy = 3325AFD62F63025200C46223 /* PBXContainerItemProxy */;
		};
		335941532F6A29E4005204D8 /* PBXTargetDependency */ = {
			isa = PBXTargetDependency;
			target = 335941492F6A29E4005204D8 /* YoursShare */;
			targetProxy = 335941522F6A29E4005204D8 /* PBXContainerItemProxy */;
		};
/* End PBXTargetDependency section */

/* Begin XCBuildConfiguration section */
		331AB67E2F681DEE0007E159 /* Debug */ = {
			isa = XCBuildConfiguration;
			buildSettings = {
				ASSETCATALOG_COMPILER_GLOBAL_ACCENT_COLOR_NAME = AccentColor;
				ASSETCATALOG_COMPILER_WIDGET_BACKGROUND_COLOR_NAME = WidgetBackground;
				CODE_SIGN_ENTITLEMENTS = YoursWidgets/YoursWidgets.entitlements;
				CODE_SIGN_IDENTITY = "Apple Development";
				CODE_SIGN_STYLE = Automatic;
				DEVELOPMENT_TEAM = 2JNW7A7LN3;
				GENERATE_INFOPLIST_FILE = YES;
				INFOPLIST_FILE = YoursWidgets/Info.plist;
				INFOPLIST_KEY_CFBundleDisplayName = YoursWidgets;
				INFOPLIST_KEY_NSHumanReadableCopyright = "";
				LD_RUNPATH_SEARCH_PATHS = (
					"$(inherited)",
					"@executable_path/Frameworks",
					"@executable_path/../../Frameworks",
				);
				PRODUCT_BUNDLE_IDENTIFIER = com.alexislours.yours.YoursWidgets;
				PRODUCT_NAME = "$(TARGET_NAME)";
				SKIP_INSTALL = YES;
				STRING_CATALOG_GENERATE_SYMBOLS = YES;
				SWIFT_APPROACHABLE_CONCURRENCY = YES;
				SWIFT_EMIT_LOC_STRINGS = YES;
				SWIFT_UPCOMING_FEATURE_MEMBER_IMPORT_VISIBILITY = YES;
				SWIFT_VERSION = 5.0;
				TARGETED_DEVICE_FAMILY = "1,2";
			};
			name = Debug;
		};
		331AB67F2F681DEE0007E159 /* Release */ = {
			isa = XCBuildConfiguration;
			buildSettings = {
				ASSETCATALOG_COMPILER_GLOBAL_ACCENT_COLOR_NAME = AccentColor;
				ASSETCATALOG_COMPILER_WIDGET_BACKGROUND_COLOR_NAME = WidgetBackground;
				CODE_SIGN_ENTITLEMENTS = YoursWidgets/YoursWidgets.entitlements;
				CODE_SIGN_IDENTITY = "Apple Development";
				CODE_SIGN_STYLE = Automatic;
				DEVELOPMENT_TEAM = 2JNW7A7LN3;
				GENERATE_INFOPLIST_FILE = YES;
				INFOPLIST_FILE = YoursWidgets/Info.plist;
				INFOPLIST_KEY_CFBundleDisplayName = YoursWidgets;
				INFOPLIST_KEY_NSHumanReadableCopyright = "";
				LD_RUNPATH_SEARCH_PATHS = (
					"$(inherited)",
					"@executable_path/Frameworks",
					"@executable_path/../../Frameworks",
				);
				PRODUCT_BUNDLE_IDENTIFIER = com.alexislours.yours.YoursWidgets;
				PRODUCT_NAME = "$(TARGET_NAME)";
				SKIP_INSTALL = YES;
				STRING_CATALOG_GENERATE_SYMBOLS = YES;
				SWIFT_APPROACHABLE_CONCURRENCY = YES;
				SWIFT_EMIT_LOC_STRINGS = YES;
				SWIFT_UPCOMING_FEATURE_MEMBER_IMPORT_VISIBILITY = YES;
				SWIFT_VERSION = 5.0;
				TARGETED_DEVICE_FAMILY = "1,2";
			};
			name = Release;
		};
		3325AFDD2F63025200C46223 /* Debug */ = {
			isa = XCBuildConfiguration;
			buildSettings = {
				ALWAYS_SEARCH_USER_PATHS = NO;
				ASSETCATALOG_COMPILER_GENERATE_SWIFT_ASSET_SYMBOL_EXTENSIONS = YES;
				CLANG_ANALYZER_NONNULL = YES;
				CLANG_ANALYZER_NUMBER_OBJECT_CONVERSION = YES_AGGRESSIVE;
				CLANG_CXX_LANGUAGE_STANDARD = "gnu++20";
				CLANG_ENABLE_MODULES = YES;
				CLANG_ENABLE_OBJC_ARC = YES;
				CLANG_ENABLE_OBJC_WEAK = YES;
				CLANG_WARN_BLOCK_CAPTURE_AUTORELEASING = YES;
				CLANG_WARN_BOOL_CONVERSION = YES;
				CLANG_WARN_COMMA = YES;
				CLANG_WARN_CONSTANT_CONVERSION = YES;
				CLANG_WARN_DEPRECATED_OBJC_IMPLEMENTATIONS = YES;
				CLANG_WARN_DIRECT_OBJC_ISA_USAGE = YES_ERROR;
				CLANG_WARN_DOCUMENTATION_COMMENTS = YES;
				CLANG_WARN_EMPTY_BODY = YES;
				CLANG_WARN_ENUM_CONVERSION = YES;
				CLANG_WARN_INFINITE_RECURSION = YES;
				CLANG_WARN_INT_CONVERSION = YES;
				CLANG_WARN_NON_LITERAL_NULL_CONVERSION = YES;
				CLANG_WARN_OBJC_IMPLICIT_RETAIN_SELF = YES;
				CLANG_WARN_OBJC_LITERAL_CONVERSION = YES;
				CLANG_WARN_OBJC_ROOT_CLASS = YES_ERROR;
				CLANG_WARN_QUOTED_INCLUDE_IN_FRAMEWORK_HEADER = YES;
				CLANG_WARN_RANGE_LOOP_ANALYSIS = YES;
				CLANG_WARN_STRICT_PROTOTYPES = YES;
				CLANG_WARN_SUSPICIOUS_MOVE = YES;
				CLANG_WARN_UNGUARDED_AVAILABILITY = YES_AGGRESSIVE;
				CLANG_WARN_UNREACHABLE_CODE = YES;
				CLANG_WARN__DUPLICATE_METHOD_MATCH = YES;
				COPY_PHASE_STRIP = NO;
				CURRENT_PROJECT_VERSION = 2026031701;
				DEBUG_INFORMATION_FORMAT = dwarf;
				DEVELOPMENT_TEAM = 2JNW7A7LN3;
				ENABLE_STRICT_OBJC_MSGSEND = YES;
				ENABLE_TESTABILITY = YES;
				ENABLE_USER_SCRIPT_SANDBOXING = YES;
				GCC_C_LANGUAGE_STANDARD = gnu17;
				GCC_DYNAMIC_NO_PIC = NO;
				GCC_NO_COMMON_BLOCKS = YES;
				GCC_OPTIMIZATION_LEVEL = 0;
				GCC_PREPROCESSOR_DEFINITIONS = (
					"DEBUG=1",
					"$(inherited)",
				);
				GCC_WARN_64_TO_32_BIT_CONVERSION = YES;
				GCC_WARN_ABOUT_RETURN_TYPE = YES_ERROR;
				GCC_WARN_UNDECLARED_SELECTOR = YES;
				GCC_WARN_UNINITIALIZED_AUTOS = YES_AGGRESSIVE;
				GCC_WARN_UNUSED_FUNCTION = YES;
				GCC_WARN_UNUSED_VARIABLE = YES;
				IPHONEOS_DEPLOYMENT_TARGET = 26.2;
				LOCALIZATION_PREFERS_STRING_CATALOGS = YES;
				MARKETING_VERSION = 1.0.0;
				MTL_ENABLE_DEBUG_INFO = INCLUDE_SOURCE;
				MTL_FAST_MATH = YES;
				ONLY_ACTIVE_ARCH = YES;
				SDKROOT = iphoneos;
				SWIFT_ACTIVE_COMPILATION_CONDITIONS = "DEBUG $(inherited)";
				SWIFT_OPTIMIZATION_LEVEL = "-Onone";
			};
			name = Debug;
		};
		3325AFDE2F63025200C46223 /* Release */ = {
			isa = XCBuildConfiguration;
			buildSettings = {
				ALWAYS_SEARCH_USER_PATHS = NO;
				ASSETCATALOG_COMPILER_GENERATE_SWIFT_ASSET_SYMBOL_EXTENSIONS = YES;
				CLANG_ANALYZER_NONNULL = YES;
				CLANG_ANALYZER_NUMBER_OBJECT_CONVERSION = YES_AGGRESSIVE;
				CLANG_CXX_LANGUAGE_STANDARD = "gnu++20";
				CLANG_ENABLE_MODULES = YES;
				CLANG_ENABLE_OBJC_ARC = YES;
				CLANG_ENABLE_OBJC_WEAK = YES;
				CLANG_WARN_BLOCK_CAPTURE_AUTORELEASING = YES;
				CLANG_WARN_BOOL_CONVERSION = YES;
				CLANG_WARN_COMMA = YES;
				CLANG_WARN_CONSTANT_CONVERSION = YES;
				CLANG_WARN_DEPRECATED_OBJC_IMPLEMENTATIONS = YES;
				CLANG_WARN_DIRECT_OBJC_ISA_USAGE = YES_ERROR;
				CLANG_WARN_DOCUMENTATION_COMMENTS = YES;
				CLANG_WARN_EMPTY_BODY = YES;
				CLANG_WARN_ENUM_CONVERSION = YES;
				CLANG_WARN_INFINITE_RECURSION = YES;
				CLANG_WARN_INT_CONVERSION = YES;
				CLANG_WARN_NON_LITERAL_NULL_CONVERSION = YES;
				CLANG_WARN_OBJC_IMPLICIT_RETAIN_SELF = YES;
				CLANG_WARN_OBJC_LITERAL_CONVERSION = YES;
				CLANG_WARN_OBJC_ROOT_CLASS = YES_ERROR;
				CLANG_WARN_QUOTED_INCLUDE_IN_FRAMEWORK_HEADER = YES;
				CLANG_WARN_RANGE_LOOP_ANALYSIS = YES;
				CLANG_WARN_STRICT_PROTOTYPES = YES;
				CLANG_WARN_SUSPICIOUS_MOVE = YES;
				CLANG_WARN_UNGUARDED_AVAILABILITY = YES_AGGRESSIVE;
				CLANG_WARN_UNREACHABLE_CODE = YES;
				CLANG_WARN__DUPLICATE_METHOD_MATCH = YES;
				COPY_PHASE_STRIP = NO;
				CURRENT_PROJECT_VERSION = 2026031701;
				DEBUG_INFORMATION_FORMAT = "dwarf-with-dsym";
				DEVELOPMENT_TEAM = 2JNW7A7LN3;
				ENABLE_NS_ASSERTIONS = NO;
				ENABLE_STRICT_OBJC_MSGSEND = YES;
				ENABLE_USER_SCRIPT_SANDBOXING = YES;
				GCC_C_LANGUAGE_STANDARD = gnu17;
				GCC_NO_COMMON_BLOCKS = YES;
				GCC_WARN_64_TO_32_BIT_CONVERSION = YES;
				GCC_WARN_ABOUT_RETURN_TYPE = YES_ERROR;
				GCC_WARN_UNDECLARED_SELECTOR = YES;
				GCC_WARN_UNINITIALIZED_AUTOS = YES_AGGRESSIVE;
				GCC_WARN_UNUSED_FUNCTION = YES;
				GCC_WARN_UNUSED_VARIABLE = YES;
				IPHONEOS_DEPLOYMENT_TARGET = 26.2;
				LOCALIZATION_PREFERS_STRING_CATALOGS = YES;
				MARKETING_VERSION = 1.0.0;
				MTL_ENABLE_DEBUG_INFO = NO;
				MTL_FAST_MATH = YES;
				SDKROOT = iphoneos;
				SWIFT_COMPILATION_MODE = wholemodule;
				VALIDATE_PRODUCT = YES;
			};
			name = Release;
		};
		3325AFE02F63025200C46223 /* Debug */ = {
			isa = XCBuildConfiguration;
			buildSettings = {
				ASSETCATALOG_COMPILER_APPICON_NAME = YoursAppIcon;
				ASSETCATALOG_COMPILER_GLOBAL_ACCENT_COLOR_NAME = AccentColor;
				CODE_SIGN_ENTITLEMENTS = yours/yours.entitlements;
				CODE_SIGN_IDENTITY = "Apple Development";
				CODE_SIGN_STYLE = Automatic;
				DEVELOPMENT_TEAM = 2JNW7A7LN3;
				ENABLE_PREVIEWS = YES;
				GENERATE_INFOPLIST_FILE = YES;
				INFOPLIST_FILE = Info.plist;
				INFOPLIST_KEY_CFBundleDisplayName = Yours.;
				INFOPLIST_KEY_LSApplicationCategoryType = "public.app-category.lifestyle";
				INFOPLIST_KEY_UIApplicationSceneManifest_Generation = YES;
				INFOPLIST_KEY_UIApplicationSupportsIndirectInputEvents = YES;
				INFOPLIST_KEY_UILaunchScreen_Generation = YES;
				INFOPLIST_KEY_UISupportedInterfaceOrientations_iPad = "UIInterfaceOrientationPortrait UIInterfaceOrientationPortraitUpsideDown UIInterfaceOrientationLandscapeLeft UIInterfaceOrientationLandscapeRight";
				INFOPLIST_KEY_UISupportedInterfaceOrientations_iPhone = "UIInterfaceOrientationPortrait UIInterfaceOrientationLandscapeLeft UIInterfaceOrientationLandscapeRight";
				IPHONEOS_DEPLOYMENT_TARGET = 18.6;
				LD_RUNPATH_SEARCH_PATHS = (
					"$(inherited)",
					"@executable_path/Frameworks",
				);
				PRODUCT_BUNDLE_IDENTIFIER = com.alexislours.yours;
				PRODUCT_NAME = "$(TARGET_NAME)";
				PROVISIONING_PROFILE_SPECIFIER = "";
				STRING_CATALOG_GENERATE_SYMBOLS = YES;
				SWIFT_APPROACHABLE_CONCURRENCY = YES;
				SWIFT_DEFAULT_ACTOR_ISOLATION = MainActor;
				SWIFT_EMIT_LOC_STRINGS = YES;
				SWIFT_UPCOMING_FEATURE_MEMBER_IMPORT_VISIBILITY = YES;
				SWIFT_VERSION = 6.0;
				TARGETED_DEVICE_FAMILY = "1,2";
			};
			name = Debug;
		};
		3325AFE12F63025200C46223 /* Release */ = {
			isa = XCBuildConfiguration;
			buildSettings = {
				ASSETCATALOG_COMPILER_APPICON_NAME = YoursAppIcon;
				ASSETCATALOG_COMPILER_GLOBAL_ACCENT_COLOR_NAME = AccentColor;
				CODE_SIGN_ENTITLEMENTS = yours/yours.entitlements;
				CODE_SIGN_IDENTITY = "Apple Development";
				CODE_SIGN_STYLE = Automatic;
				DEVELOPMENT_TEAM = 2JNW7A7LN3;
				ENABLE_PREVIEWS = YES;
				GENERATE_INFOPLIST_FILE = YES;
				INFOPLIST_FILE = Info.plist;
				INFOPLIST_KEY_CFBundleDisplayName = Yours.;
				INFOPLIST_KEY_LSApplicationCategoryType = "public.app-category.lifestyle";
				INFOPLIST_KEY_UIApplicationSceneManifest_Generation = YES;
				INFOPLIST_KEY_UIApplicationSupportsIndirectInputEvents = YES;
				INFOPLIST_KEY_UILaunchScreen_Generation = YES;
				INFOPLIST_KEY_UISupportedInterfaceOrientations_iPad = "UIInterfaceOrientationPortrait UIInterfaceOrientationPortraitUpsideDown UIInterfaceOrientationLandscapeLeft UIInterfaceOrientationLandscapeRight";
				INFOPLIST_KEY_UISupportedInterfaceOrientations_iPhone = "UIInterfaceOrientationPortrait UIInterfaceOrientationLandscapeLeft UIInterfaceOrientationLandscapeRight";
				IPHONEOS_DEPLOYMENT_TARGET = 18.6;
				LD_RUNPATH_SEARCH_PATHS = (
					"$(inherited)",
					"@executable_path/Frameworks",
				);
				PRODUCT_BUNDLE_IDENTIFIER = com.alexislours.yours;
				PRODUCT_NAME = "$(TARGET_NAME)";
				PROVISIONING_PROFILE_SPECIFIER = "";
				STRING_CATALOG_GENERATE_SYMBOLS = YES;
				SWIFT_APPROACHABLE_CONCURRENCY = YES;
				SWIFT_DEFAULT_ACTOR_ISOLATION = MainActor;
				SWIFT_EMIT_LOC_STRINGS = YES;
				SWIFT_UPCOMING_FEATURE_MEMBER_IMPORT_VISIBILITY = YES;
				SWIFT_VERSION = 6.0;
				TARGETED_DEVICE_FAMILY = "1,2";
			};
			name = Release;
		};
		3325AFE32F63025200C46223 /* Debug */ = {
			isa = XCBuildConfiguration;
			buildSettings = {
				BUNDLE_LOADER = "$(TEST_HOST)";
				CODE_SIGN_STYLE = Automatic;
				DEVELOPMENT_TEAM = 2JNW7A7LN3;
				GENERATE_INFOPLIST_FILE = YES;
				IPHONEOS_DEPLOYMENT_TARGET = 26.0;
				PRODUCT_BUNDLE_IDENTIFIER = com.alexislours.yoursTests;
				PRODUCT_NAME = "$(TARGET_NAME)";
				STRING_CATALOG_GENERATE_SYMBOLS = NO;
				SWIFT_APPROACHABLE_CONCURRENCY = YES;
				SWIFT_EMIT_LOC_STRINGS = NO;
				SWIFT_UPCOMING_FEATURE_MEMBER_IMPORT_VISIBILITY = YES;
				SWIFT_VERSION = 6.0;
				TARGETED_DEVICE_FAMILY = "1,2";
				TEST_HOST = "$(BUILT_PRODUCTS_DIR)/yours.app/$(BUNDLE_EXECUTABLE_FOLDER_PATH)/yours";
			};
			name = Debug;
		};
		3325AFE42F63025200C46223 /* Release */ = {
			isa = XCBuildConfiguration;
			buildSettings = {
				BUNDLE_LOADER = "$(TEST_HOST)";
				CODE_SIGN_STYLE = Automatic;
				DEVELOPMENT_TEAM = 2JNW7A7LN3;
				GENERATE_INFOPLIST_FILE = YES;
				IPHONEOS_DEPLOYMENT_TARGET = 26.0;
				PRODUCT_BUNDLE_IDENTIFIER = com.alexislours.yoursTests;
				PRODUCT_NAME = "$(TARGET_NAME)";
				STRING_CATALOG_GENERATE_SYMBOLS = NO;
				SWIFT_APPROACHABLE_CONCURRENCY = YES;
				SWIFT_EMIT_LOC_STRINGS = NO;
				SWIFT_UPCOMING_FEATURE_MEMBER_IMPORT_VISIBILITY = YES;
				SWIFT_VERSION = 6.0;
				TARGETED_DEVICE_FAMILY = "1,2";
				TEST_HOST = "$(BUILT_PRODUCTS_DIR)/yours.app/$(BUNDLE_EXECUTABLE_FOLDER_PATH)/yours";
			};
			name = Release;
		};
		3325AFE62F63025200C46223 /* Debug */ = {
			isa = XCBuildConfiguration;
			buildSettings = {
				CODE_SIGN_STYLE = Automatic;
				DEVELOPMENT_TEAM = 2JNW7A7LN3;
				GENERATE_INFOPLIST_FILE = YES;
				IPHONEOS_DEPLOYMENT_TARGET = 26.0;
				PRODUCT_BUNDLE_IDENTIFIER = com.alexislours.yoursUITests;
				PRODUCT_NAME = "$(TARGET_NAME)";
				STRING_CATALOG_GENERATE_SYMBOLS = NO;
				SWIFT_APPROACHABLE_CONCURRENCY = YES;
				SWIFT_EMIT_LOC_STRINGS = NO;
				SWIFT_UPCOMING_FEATURE_MEMBER_IMPORT_VISIBILITY = YES;
				SWIFT_VERSION = 6.0;
				TARGETED_DEVICE_FAMILY = "1,2";
				TEST_TARGET_NAME = yours;
			};
			name = Debug;
		};
		3325AFE72F63025200C46223 /* Release */ = {
			isa = XCBuildConfiguration;
			buildSettings = {
				CODE_SIGN_STYLE = Automatic;
				DEVELOPMENT_TEAM = 2JNW7A7LN3;
				GENERATE_INFOPLIST_FILE = YES;
				IPHONEOS_DEPLOYMENT_TARGET = 26.0;
				PRODUCT_BUNDLE_IDENTIFIER = com.alexislours.yoursUITests;
				PRODUCT_NAME = "$(TARGET_NAME)";
				STRING_CATALOG_GENERATE_SYMBOLS = NO;
				SWIFT_APPROACHABLE_CONCURRENCY = YES;
				SWIFT_EMIT_LOC_STRINGS = NO;
				SWIFT_UPCOMING_FEATURE_MEMBER_IMPORT_VISIBILITY = YES;
				SWIFT_VERSION = 6.0;
				TARGETED_DEVICE_FAMILY = "1,2";
				TEST_TARGET_NAME = yours;
			};
			name = Release;
		};
		335941552F6A29E4005204D8 /* Debug */ = {
			isa = XCBuildConfiguration;
			buildSettings = {
				CODE_SIGN_ENTITLEMENTS = YoursShare/YoursShare.entitlements;
				CODE_SIGN_IDENTITY = "Apple Development";
				CODE_SIGN_STYLE = Automatic;
				DEVELOPMENT_TEAM = 2JNW7A7LN3;
				GENERATE_INFOPLIST_FILE = YES;
				INFOPLIST_FILE = YoursShare/Info.plist;
				INFOPLIST_KEY_CFBundleDisplayName = YoursShare;
				INFOPLIST_KEY_NSHumanReadableCopyright = "";
				IPHONEOS_DEPLOYMENT_TARGET = 18.6;
				LD_RUNPATH_SEARCH_PATHS = (
					"$(inherited)",
					"@executable_path/Frameworks",
					"@executable_path/../../Frameworks",
				);
				PRODUCT_BUNDLE_IDENTIFIER = com.alexislours.yours.YoursShare;
				PRODUCT_NAME = "$(TARGET_NAME)";
				SKIP_INSTALL = YES;
				STRING_CATALOG_GENERATE_SYMBOLS = YES;
				SWIFT_APPROACHABLE_CONCURRENCY = YES;
				SWIFT_EMIT_LOC_STRINGS = YES;
				SWIFT_UPCOMING_FEATURE_MEMBER_IMPORT_VISIBILITY = YES;
				SWIFT_VERSION = 6.0;
				TARGETED_DEVICE_FAMILY = "1,2";
			};
			name = Debug;
		};
		335941562F6A29E4005204D8 /* Release */ = {
			isa = XCBuildConfiguration;
			buildSettings = {
				CODE_SIGN_ENTITLEMENTS = YoursShare/YoursShare.entitlements;
				CODE_SIGN_IDENTITY = "Apple Development";
				CODE_SIGN_STYLE = Automatic;
				DEVELOPMENT_TEAM = 2JNW7A7LN3;
				GENERATE_INFOPLIST_FILE = YES;
				INFOPLIST_FILE = YoursShare/Info.plist;
				INFOPLIST_KEY_CFBundleDisplayName = YoursShare;
				INFOPLIST_KEY_NSHumanReadableCopyright = "";
				IPHONEOS_DEPLOYMENT_TARGET = 18.6;
				LD_RUNPATH_SEARCH_PATHS = (
					"$(inherited)",
					"@executable_path/Frameworks",
					"@executable_path/../../Frameworks",
				);
				PRODUCT_BUNDLE_IDENTIFIER = com.alexislours.yours.YoursShare;
				PRODUCT_NAME = "$(TARGET_NAME)";
				SKIP_INSTALL = YES;
				STRING_CATALOG_GENERATE_SYMBOLS = YES;
				SWIFT_APPROACHABLE_CONCURRENCY = YES;
				SWIFT_EMIT_LOC_STRINGS = YES;
				SWIFT_UPCOMING_FEATURE_MEMBER_IMPORT_VISIBILITY = YES;
				SWIFT_VERSION = 6.0;
				TARGETED_DEVICE_FAMILY = "1,2";
			};
			name = Release;
		};
/* End XCBuildConfiguration section */

/* Begin XCConfigurationList section */
		331AB67D2F681DEE0007E159 /* Build configuration list for PBXNativeTarget "YoursWidgetsExtension" */ = {
			isa = XCConfigurationList;
			buildConfigurations = (
				331AB67E2F681DEE0007E159 /* Debug */,
				331AB67F2F681DEE0007E159 /* Release */,
			);
			defaultConfigurationIsVisible = 0;
			defaultConfigurationName = Release;
		};
		3325AFB72F63025100C46223 /* Build configuration list for PBXProject "yours" */ = {
			isa = XCConfigurationList;
			buildConfigurations = (
				3325AFDD2F63025200C46223 /* Debug */,
				3325AFDE2F63025200C46223 /* Release */,
			);
			defaultConfigurationIsVisible = 0;
			defaultConfigurationName = Release;
		};
		3325AFDF2F63025200C46223 /* Build configuration list for PBXNativeTarget "yours" */ = {
			isa = XCConfigurationList;
			buildConfigurations = (
				3325AFE02F63025200C46223 /* Debug */,
				3325AFE12F63025200C46223 /* Release */,
			);
			defaultConfigurationIsVisible = 0;
			defaultConfigurationName = Release;
		};
		3325AFE22F63025200C46223 /* Build configuration list for PBXNativeTarget "yoursTests" */ = {
			isa = XCConfigurationList;
			buildConfigurations = (
				3325AFE32F63025200C46223 /* Debug */,
				3325AFE42F63025200C46223 /* Release */,
			);
			defaultConfigurationIsVisible = 0;
			defaultConfigurationName = Release;
		};
		3325AFE52F63025200C46223 /* Build configuration list for PBXNativeTarget "yoursUITests" */ = {
			isa = XCConfigurationList;
			buildConfigurations = (
				3325AFE62F63025200C46223 /* Debug */,
				3325AFE72F63025200C46223 /* Release */,
			);
			defaultConfigurationIsVisible = 0;
			defaultConfigurationName = Release;
		};
		335941582F6A29E4005204D8 /* Build configuration list for PBXNativeTarget "YoursShare" */ = {
			isa = XCConfigurationList;
			buildConfigurations = (
				335941552F6A29E4005204D8 /* Debug */,
				335941562F6A29E4005204D8 /* Release */,
			);
			defaultConfigurationIsVisible = 0;
			defaultConfigurationName = Release;
		};
/* End XCConfigurationList section */
	};
	rootObject = 3325AFB42F63025100C46223 /* Project object */;
}
